
Microsoft Visual Studio Solution File, Format Version 12.00
# Visual Studio Version 16
VisualStudioVersion = 16.0.29613.14
MinimumVisualStudioVersion = 10.0.40219.1
Project("{FAE04EC0-301F-11D3-BF4B-00C04F79EFBC}") = "Prometric_Test", "Prometric_Test\Prometric_Test.csproj", "{90E16053-0BF8-44D6-8768-389E6A666F2C}"
EndProject
Global
	GlobalSection(SolutionConfigurationPlatforms) = preSolution
		Debug|Any CPU = Debug|Any CPU
		Release|Any CPU = Release|Any CPU
	EndGlobalSection
	GlobalSection(ProjectConfigurationPlatforms) = postSolution
		{90E16053-0BF8-44D6-8768-389E6A666F2C}.Debug|Any CPU.ActiveCfg = Debug|Any CPU
		{90E16053-0BF8-44D6-8768-389E6A666F2C}.Debug|Any CPU.Build.0 = Debug|Any CPU
		{90E16053-0BF8-44D6-8768-389E6A666F2C}.Release|Any CPU.ActiveCfg = Release|Any CPU
		{90E16053-0BF8-44D6-8768-389E6A666F2C}.Release|Any CPU.Build.0 = Release|Any CPU
	EndGlobalSection
	GlobalSection(SolutionProperties) = preSolution
		HideSolutionNode = FALSE
	EndGlobalSection
	GlobalSection(ExtensibilityGlobals) = postSolution
		SolutionGuid = {76555B5E-C3D6-448C-B8EF-2AEEBE514CE7}
	EndGlobalSection
EndGlobal
